// !$*UTF8*$!
{
	archiveVersion = 1;
	classes = {
	};
	objectVersion = 55;
	objects = {

/* Begin PBXBuildFile section */
		59315BDC27DD2FD6009C0FE3 /* CreationViewController.swift in Sources */ = {isa = PBXBuildFile; fileRef = 59315BDB27DD2FD6009C0FE3 /* CreationViewController.swift */; };
		598FD1B527CAB3D600360BD2 /* AppDelegate.swift in Sources */ = {isa = PBXBuildFile; fileRef = 598FD1B427CAB3D600360BD2 /* AppDelegate.swift */; };
		598FD1B727CAB3D600360BD2 /* SceneDelegate.swift in Sources */ = {isa = PBXBuildFile; fileRef = 598FD1B627CAB3D600360BD2 /* SceneDelegate.swift */; };
		598FD1B927CAB3D600360BD2 /* ViewController.swift in Sources */ = {isa = PBXBuildFile; fileRef = 598FD1B827CAB3D600360BD2 /* ViewController.swift */; };
		598FD1BC27CAB3D600360BD2 /* Main.storyboard in Resources */ = {isa = PBXBuildFile; fileRef = 598FD1BA27CAB3D600360BD2 /* Main.storyboard */; };
		598FD1BE27CAB3DB00360BD2 /* Assets.xcassets in Resources */ = {isa = PBXBuildFile; fileRef = 598FD1BD27CAB3DB00360BD2 /* Assets.xcassets */; };
		598FD1C127CAB3DB00360BD2 /* LaunchScreen.storyboard in Resources */ = {isa = PBXBuildFile; fileRef = 598FD1BF27CAB3DB00360BD2 /* LaunchScreen.storyboard */; };
		598FD1CC27CAB3DC00360BD2 /* FlashcardsTests.swift in Sources */ = {isa = PBXBuildFile; fileRef = 598FD1CB27CAB3DC00360BD2 /* FlashcardsTests.swift */; };
		598FD1D627CAB3DC00360BD2 /* FlashcardsUITests.swift in Sources */ = {isa = PBXBuildFile; fileRef = 598FD1D527CAB3DC00360BD2 /* FlashcardsUITests.swift */; };
		598FD1D827CAB3DC00360BD2 /* FlashcardsUITestsLaunchTests.swift in Sources */ = {isa = PBXBuildFile; fileRef = 598FD1D727CAB3DC00360BD2 /* FlashcardsUITestsLaunchTests.swift */; };
/* End PBXBuildFile section */

/* Begin PBXContainerItemProxy section */
		598FD1C827CAB3DC00360BD2 /* PBXContainerItemProxy */ = {
			isa = PBXContainerItemProxy;
			containerPortal = 598FD1A927CAB3D500360BD2 /* Project object */;
			proxyType = 1;
			remoteGlobalIDString = 598FD1B027CAB3D600360BD2;
			remoteInfo = Flashcards;
		};
		598FD1D227CAB3DC00360BD2 /* PBXContainerItemProxy */ = {
			isa = PBXContainerItemProxy;
			containerPortal = 598FD1A927CAB3D500360BD2 /* Project object */;
			proxyType = 1;
			remoteGlobalIDString = 598FD1B027CAB3D600360BD2;
			remoteInfo = Flashcards;
		};
/* End PBXContainerItemProxy section */

/* Begin PBXFileReference section */
		59315BDB27DD2FD6009C0FE3 /* CreationViewController.swift */ = {isa = PBXFileReference; lastKnownFileType = sourcecode.swift; path = CreationViewController.swift; sourceTree = "<group>"; };
		598FD1B127CAB3D600360BD2 /* Flashcards.app */ = {isa = PBXFileReference; explicitFileType = wrapper.application; includeInIndex = 0; path = Flashcards.app; sourceTree = BUILT_PRODUCTS_DIR; };
		598FD1B427CAB3D600360BD2 /* AppDelegate.swift */ = {isa = PBXFileReference; lastKnownFileType = sourcecode.swift; path = AppDelegate.swift; sourceTree = "<group>"; };
		598FD1B627CAB3D600360BD2 /* SceneDelegate.swift */ = {isa = PBXFileReference; lastKnownFileType = sourcecode.swift; path = SceneDelegate.swift; sourceTree = "<group>"; };
		598FD1B827CAB3D600360BD2 /* ViewController.swift */ = {isa = PBXFileReference; lastKnownFileType = sourcecode.swift; path = ViewController.swift; sourceTree = "<group>"; };
		598FD1BB27CAB3D600360BD2 /* Base */ = {isa = PBXFileReference; lastKnownFileType = file.storyboard; name = Base; path = Base.lproj/Main.storyboard; sourceTree = "<group>"; };
		598FD1BD27CAB3DB00360BD2 /* Assets.xcassets */ = {isa = PBXFileReference; lastKnownFileType = folder.assetcatalog; path = Assets.xcassets; sourceTree = "<group>"; };
		598FD1C027CAB3DB00360BD2 /* Base */ = {isa = PBXFileReference; lastKnownFileType = file.storyboard; name = Base; path = Base.lproj/LaunchScreen.storyboard; sourceTree = "<group>"; };
		598FD1C227CAB3DB00360BD2 /* Info.plist */ = {isa = PBXFileReference; lastKnownFileType = text.plist.xml; path = Info.plist; sourceTree = "<group>"; };
		598FD1C727CAB3DC00360BD2 /* FlashcardsTests.xctest */ = {isa = PBXFileReference; explicitFileType = wrapper.cfbundle; includeInIndex = 0; path = FlashcardsTests.xctest; sourceTree = BUILT_PRODUCTS_DIR; };
		598FD1CB27CAB3DC00360BD2 /* FlashcardsTests.swift */ = {isa = PBXFileReference; lastKnownFileType = sourcecode.swift; path = FlashcardsTests.swift; sourceTree = "<group>"; };
		598FD1D127CAB3DC00360BD2 /* FlashcardsUITests.xctest */ = {isa = PBXFileReference; explicitFileType = wrapper.cfbundle; includeInIndex = 0; path = FlashcardsUITests.xctest; sourceTree = BUILT_PRODUCTS_DIR; };
		598FD1D527CAB3DC00360BD2 /* FlashcardsUITests.swift */ = {isa = PBXFileReference; lastKnownFileType = sourcecode.swift; path = FlashcardsUITests.swift; sourceTree = "<group>"; };
		598FD1D727CAB3DC00360BD2 /* FlashcardsUITestsLaunchTests.swift */ = {isa = PBXFileReference; lastKnownFileType = sourcecode.swift; path = FlashcardsUITestsLaunchTests.swift; sourceTree = "<group>"; };
/* End PBXFileReference section */

/* Begin PBXFrameworksBuildPhase section */
		598FD1AE27CAB3D600360BD2 /* Frameworks */ = {
			isa = PBXFrameworksBuildPhase;
			buildActionMask = 2147483647;
			files = (
			);
			runOnlyForDeploymentPostprocessing = 0;
		};
		598FD1C427CAB3DC00360BD2 /* Frameworks */ = {
			isa = PBXFrameworksBuildPhase;
			buildActionMask = 2147483647;
			files = (
			);
			runOnlyForDeploymentPostprocessing = 0;
		};
		598FD1CE27CAB3DC00360BD2 /* Frameworks */ = {
			isa = PBXFrameworksBuildPhase;
			buildActionMask = 2147483647;
			files = (
			);
			runOnlyForDeploymentPostprocessing = 0;
		};
/* End PBXFrameworksBuildPhase section */

/* Begin PBXGroup section */
		598FD1A827CAB3D500360BD2 = {
			isa = PBXGroup;
			children = (
				598FD1B327CAB3D600360BD2 /* Flashcards */,
				598FD1CA27CAB3DC00360BD2 /* FlashcardsTests */,
				598FD1D427CAB3DC00360BD2 /* FlashcardsUITests */,
				598FD1B227CAB3D600360BD2 /* Products */,
			);
			sourceTree = "<group>";
		};
		598FD1B227CAB3D600360BD2 /* Products */ = {
			isa = PBXGroup;
			children = (
				598FD1B127CAB3D600360BD2 /* Flashcards.app */,
				598FD1C727CAB3DC00360BD2 /* FlashcardsTests.xctest */,
				598FD1D127CAB3DC00360BD2 /* FlashcardsUITests.xctest */,
			);
			name = Products;
			sourceTree = "<group>";
		};
		598FD1B327CAB3D600360BD2 /* Flashcards */ = {
			isa = PBXGroup;
			children = (
				59315BDB27DD2FD6009C0FE3 /* CreationViewController.swift */,
				598FD1B427CAB3D600360BD2 /* AppDelegate.swift */,
				598FD1B627CAB3D600360BD2 /* SceneDelegate.swift */,
				598FD1B827CAB3D600360BD2 /* ViewController.swift */,
				598FD1BA27CAB3D600360BD2 /* Main.storyboard */,
				598FD1BD27CAB3DB00360BD2 /* Assets.xcassets */,
				598FD1BF27CAB3DB00360BD2 /* LaunchScreen.storyboard */,
				598FD1C227CAB3DB00360BD2 /* Info.plist */,
			);
			path = Flashcards;
			sourceTree = "<group>";
		};
		598FD1CA27CAB3DC00360BD2 /* FlashcardsTests */ = {
			isa = PBXGroup;
			children = (
				598FD1CB27CAB3DC00360BD2 /* FlashcardsTests.swift */,
			);
			path = FlashcardsTests;
			sourceTree = "<group>";
		};
		598FD1D427CAB3DC00360BD2 /* FlashcardsUITests */ = {
			isa = PBXGroup;
			children = (
				598FD1D527CAB3DC00360BD2 /* FlashcardsUITests.swift */,
				598FD1D727CAB3DC00360BD2 /* FlashcardsUITestsLaunchTests.swift */,
			);
			path = FlashcardsUITests;
			sourceTree = "<group>";
		};
/* End PBXGroup section */

/* Begin PBXNativeTarget section */
		598FD1B027CAB3D600360BD2 /* Flashcards */ = {
			isa = PBXNativeTarget;
			buildConfigurationList = 598FD1DB27CAB3DC00360BD2 /* Build configuration list for PBXNativeTarget "Flashcards" */;
			buildPhases = (
				598FD1AD27CAB3D600360BD2 /* Sources */,
				598FD1AE27CAB3D600360BD2 /* Frameworks */,
				598FD1AF27CAB3D600360BD2 /* Resources */,
			);
			buildRules = (
			);
			dependencies = (
			);
			name = Flashcards;
			productName = Flashcards;
			productReference = 598FD1B127CAB3D600360BD2 /* Flashcards.app */;
			productType = "com.apple.product-type.application";
		};
		598FD1C627CAB3DC00360BD2 /* FlashcardsTests */ = {
			isa = PBXNativeTarget;
			buildConfigurationList = 598FD1DE27CAB3DC00360BD2 /* Build configuration list for PBXNativeTarget "FlashcardsTests" */;
			buildPhases = (
				598FD1C327CAB3DC00360BD2 /* Sources */,
				598FD1C427CAB3DC00360BD2 /* Frameworks */,
				598FD1C527CAB3DC00360BD2 /* Resources */,
			);
			buildRules = (
			);
			dependencies = (
				598FD1C927CAB3DC00360BD2 /* PBXTargetDependency */,
			);
			name = FlashcardsTests;
			productName = FlashcardsTests;
			productReference = 598FD1C727CAB3DC00360BD2 /* FlashcardsTests.xctest */;
			productType = "com.apple.product-type.bundle.unit-test";
		};
		598FD1D027CAB3DC00360BD2 /* FlashcardsUITests */ = {
			isa = PBXNativeTarget;
			buildConfigurationList = 598FD1E127CAB3DC00360BD2 /* Build configuration list for PBXNativeTarget "FlashcardsUITests" */;
			buildPhases = (
				598FD1CD27CAB3DC00360BD2 /* Sources */,
				598FD1CE27CAB3DC00360BD2 /* Frameworks */,
				598FD1CF27CAB3DC00360BD2 /* Resources */,
			);
			buildRules = (
			);
			dependencies = (
				598FD1D327CAB3DC00360BD2 /* PBXTargetDependency */,
			);
			name = FlashcardsUITests;
			productName = FlashcardsUITests;
			productReference = 598FD1D127CAB3DC00360BD2 /* FlashcardsUITests.xctest */;
			productType = "com.apple.product-type.bundle.ui-testing";
		};
/* End PBXNativeTarget section */

/* Begin PBXProject section */
		598FD1A927CAB3D500360BD2 /* Project object */ = {
			isa = PBXProject;
			attributes = {
				BuildIndependentTargetsInParallel = 1;
				LastSwiftUpdateCheck = 1320;
				LastUpgradeCheck = 1320;
				TargetAttributes = {
					598FD1B027CAB3D600360BD2 = {
						CreatedOnToolsVersion = 13.2.1;
					};
					598FD1C627CAB3DC00360BD2 = {
						CreatedOnToolsVersion = 13.2.1;
						TestTargetID = 598FD1B027CAB3D600360BD2;
					};
					598FD1D027CAB3DC00360BD2 = {
						CreatedOnToolsVersion = 13.2.1;
						TestTargetID = 598FD1B027CAB3D600360BD2;
					};
				};
			};
			buildConfigurationList = 598FD1AC27CAB3D500360BD2 /* Build configuration list for PBXProject "Flashcards" */;
			compatibilityVersion = "Xcode 13.0";
			developmentRegion = en;
			hasScannedForEncodings = 0;
			knownRegions = (
				en,
				Base,
			);
			mainGroup = 598FD1A827CAB3D500360BD2;
			productRefGroup = 598FD1B227CAB3D600360BD2 /* Products */;
			projectDirPath = "";
			projectRoot = "";
			targets = (
				598FD1B027CAB3D600360BD2 /* Flashcards */,
				598FD1C627CAB3DC00360BD2 /* FlashcardsTests */,
				598FD1D027CAB3DC00360BD2 /* FlashcardsUITests */,
			);
		};
/* End PBXProject section */

/* Begin PBXResourcesBuildPhase section */
		598FD1AF27CAB3D600360BD2 /* Resources */ = {
			isa = PBXResourcesBuildPhase;
			buildActionMask = 2147483647;
			files = (
				598FD1C127CAB3DB00360BD2 /* LaunchScreen.storyboard in Resources */,
				598FD1BE27CAB3DB00360BD2 /* Assets.xcassets in Resources */,
				598FD1BC27CAB3D600360BD2 /* Main.storyboard in Resources */,
			);
			runOnlyForDeploymentPostprocessing = 0;
		};
		598FD1C527CAB3DC00360BD2 /* Resources */ = {
			isa = PBXResourcesBuildPhase;
			buildActionMask = 2147483647;
			files = (
			);
			runOnlyForDeploymentPostprocessing = 0;
		};
		598FD1CF27CAB3DC00360BD2 /* Resources */ = {
			isa = PBXResourcesBuildPhase;
			buildActionMask = 2147483647;
			files = (
			);
			runOnlyForDeploymentPostprocessing = 0;
		};
/* End PBXResourcesBuildPhase section */

/* Begin PBXSourcesBuildPhase section */
		598FD1AD27CAB3D600360BD2 /* Sources */ = {
			isa = PBXSourcesBuildPhase;
			buildActionMask = 2147483647;
			files = (
				598FD1B927CAB3D600360BD2 /* ViewController.swift in Sources */,
				598FD1B527CAB3D600360BD2 /* AppDelegate.swift in Sources */,
				598FD1B727CAB3D600360BD2 /* SceneDelegate.swift in Sources */,
				59315BDC27DD2FD6009C0FE3 /* CreationViewController.swift in Sources */,
			);
			runOnlyForDeploymentPostprocessing = 0;
		};
		598FD1C327CAB3DC00360BD2 /* Sources */ = {
			isa = PBXSourcesBuildPhase;
			buildActionMask = 2147483647;
			files = (
				598FD1CC27CAB3DC00360BD2 /* FlashcardsTests.swift in Sources */,
			);
			runOnlyForDeploymentPostprocessing = 0;
		};
		598FD1CD27CAB3DC00360BD2 /* Sources */ = {
			isa = PBXSourcesBuildPhase;
			buildActionMask = 2147483647;
			files = (
				598FD1D627CAB3DC00360BD2 /* FlashcardsUITests.swift in Sources */,
				598FD1D827CAB3DC00360BD2 /* FlashcardsUITestsLaunchTests.swift in Sources */,
			);
			runOnlyForDeploymentPostprocessing = 0;
		};
/* End PBXSourcesBuildPhase section */

/* Begin PBXTargetDependency section */
		598FD1C927CAB3DC00360BD2 /* PBXTargetDependency */ = {
			isa = PBXTargetDependency;
			target = 598FD1B027CAB3D600360BD2 /* Flashcards */;
			targetProxy = 598FD1C827CAB3DC00360BD2 /* PBXContainerItemProxy */;
		};
		598FD1D327CAB3DC00360BD2 /* PBXTargetDependency */ = {
			isa = PBXTargetDependency;
			target = 598FD1B027CAB3D600360BD2 /* Flashcards */;
			targetProxy = 598FD1D227CAB3DC00360BD2 /* PBXContainerItemProxy */;
		};
/* End PBXTargetDependency section */

/* Begin PBXVariantGroup section */
		598FD1BA27CAB3D600360BD2 /* Main.storyboard */ = {
			isa = PBXVariantGroup;
			children = (
				598FD1BB27CAB3D600360BD2 /* Base */,
			);
			name = Main.storyboard;
			sourceTree = "<group>";
		};
		598FD1BF27CAB3DB00360BD2 /* LaunchScreen.storyboard */ = {
			isa = PBXVariantGroup;
			children = (
				598FD1C027CAB3DB00360BD2 /* Base */,
			);
			name = LaunchScreen.storyboard;
			sourceTree = "<group>";
		};
/* End PBXVariantGroup section */

/* Begin XCBuildConfiguration section */
		598FD1D927CAB3DC00360BD2 /* Debug */ = {
			isa = XCBuildConfiguration;
			buildSettings = {
				ALWAYS_SEARCH_USER_PATHS = NO;
				CLANG_ANALYZER_NONNULL = YES;
				CLANG_ANALYZER_NUMBER_OBJECT_CONVERSION = YES_AGGRESSIVE;
				CLANG_CXX_LANGUAGE_STANDARD = "gnu++17";
				CLANG_CXX_LIBRARY = "libc++";
				CLANG_ENABLE_MODULES = YES;
				CLANG_ENABLE_OBJC_ARC = YES;
				CLANG_ENABLE_OBJC_WEAK = YES;
				CLANG_WARN_BLOCK_CAPTURE_AUTORELEASING = YES;
				CLANG_WARN_BOOL_CONVERSION = YES;
				CLANG_WARN_COMMA = YES;
				CLANG_WARN_CONSTANT_CONVERSION = YES;
				CLANG_WARN_DEPRECATED_OBJC_IMPLEMENTATIONS = YES;
				CLANG_WARN_DIRECT_OBJC_ISA_USAGE = YES_ERROR;
				CLANG_WARN_DOCUMENTATION_COMMENTS = YES;
				CLANG_WARN_EMPTY_BODY = YES;
				CLANG_WARN_ENUM_CONVERSION = YES;
				CLANG_WARN_INFINITE_RECURSION = YES;
				CLANG_WARN_INT_CONVERSION = YES;
				CLANG_WARN_NON_LITERAL_NULL_CONVERSION = YES;
				CLANG_WARN_OBJC_IMPLICIT_RETAIN_SELF = YES;
				CLANG_WARN_OBJC_LITERAL_CONVERSION = YES;
				CLANG_WARN_OBJC_ROOT_CLASS = YES_ERROR;
				CLANG_WARN_QUOTED_INCLUDE_IN_FRAMEWORK_HEADER = YES;
				CLANG_WARN_RANGE_LOOP_ANALYSIS = YES;
				CLANG_WARN_STRICT_PROTOTYPES = YES;
				CLANG_WARN_SUSPICIOUS_MOVE = YES;
				CLANG_WARN_UNGUARDED_AVAILABILITY = YES_AGGRESSIVE;
				CLANG_WARN_UNREACHABLE_CODE = YES;
				CLANG_WARN__DUPLICATE_METHOD_MATCH = YES;
				COPY_PHASE_STRIP = NO;
				DEBUG_INFORMATION_FORMAT = dwarf;
				ENABLE_STRICT_OBJC_MSGSEND = YES;
				ENABLE_TESTABILITY = YES;
				GCC_C_LANGUAGE_STANDARD = gnu11;
				GCC_DYNAMIC_NO_PIC = NO;
				GCC_NO_COMMON_BLOCKS = YES;
				GCC_OPTIMIZATION_LEVEL = 0;
				GCC_PREPROCESSOR_DEFINITIONS = (
					"DEBUG=1",
					"$(inherited)",
				);
				GCC_WARN_64_TO_32_BIT_CONVERSION = YES;
				GCC_WARN_ABOUT_RETURN_TYPE = YES_ERROR;
				GCC_WARN_UNDECLARED_SELECTOR = YES;
				GCC_WARN_UNINITIALIZED_AUTOS = YES_AGGRESSIVE;
				GCC_WARN_UNUSED_FUNCTION = YES;
				GCC_WARN_UNUSED_VARIABLE = YES;
				IPHONEOS_DEPLOYMENT_TARGET = 15.2;
				MTL_ENABLE_DEBUG_INFO = INCLUDE_SOURCE;
				MTL_FAST_MATH = YES;
				ONLY_ACTIVE_ARCH = YES;
				SDKROOT = iphoneos;
				SWIFT_ACTIVE_COMPILATION_CONDITIONS = DEBUG;
				SWIFT_OPTIMIZATION_LEVEL = "-Onone";
			};
			name = Debug;
		};
		598FD1DA27CAB3DC00360BD2 /* Release */ = {
			isa = XCBuildConfiguration;
			buildSettings = {
				ALWAYS_SEARCH_USER_PATHS = NO;
				CLANG_ANALYZER_NONNULL = YES;
				CLANG_ANALYZER_NUMBER_OBJECT_CONVERSION = YES_AGGRESSIVE;
				CLANG_CXX_LANGUAGE_STANDARD = "gnu++17";
				CLANG_CXX_LIBRARY = "libc++";
				CLANG_ENABLE_MODULES = YES;
				CLANG_ENABLE_OBJC_ARC = YES;
				CLANG_ENABLE_OBJC_WEAK = YES;
				CLANG_WARN_BLOCK_CAPTURE_AUTORELEASING = YES;
				CLANG_WARN_BOOL_CONVERSION = YES;
				CLANG_WARN_COMMA = YES;
				CLANG_WARN_CONSTANT_CONVERSION = YES;
				CLANG_WARN_DEPRECATED_OBJC_IMPLEMENTATIONS = YES;
				CLANG_WARN_DIRECT_OBJC_ISA_USAGE = YES_ERROR;
				CLANG_WARN_DOCUMENTATION_COMMENTS = YES;
				CLANG_WARN_EMPTY_BODY = YES;
				CLANG_WARN_ENUM_CONVERSION = YES;
				CLANG_WARN_INFINITE_RECURSION = YES;
				CLANG_WARN_INT_CONVERSION = YES;
				CLANG_WARN_NON_LITERAL_NULL_CONVERSION = YES;
				CLANG_WARN_OBJC_IMPLICIT_RETAIN_SELF = YES;
				CLANG_WARN_OBJC_LITERAL_CONVERSION = YES;
				CLANG_WARN_OBJC_ROOT_CLASS = YES_ERROR;
				CLANG_WARN_QUOTED_INCLUDE_IN_FRAMEWORK_HEADER = YES;
				CLANG_WARN_RANGE_LOOP_ANALYSIS = YES;
				CLANG_WARN_STRICT_PROTOTYPES = YES;
				CLANG_WARN_SUSPICIOUS_MOVE = YES;
				CLANG_WARN_UNGUARDED_AVAILABILITY = YES_AGGRESSIVE;
				CLANG_WARN_UNREACHABLE_CODE = YES;
				CLANG_WARN__DUPLICATE_METHOD_MATCH = YES;
				COPY_PHASE_STRIP = NO;
				DEBUG_INFORMATION_FORMAT = "dwarf-with-dsym";
				ENABLE_NS_ASSERTIONS = NO;
				ENABLE_STRICT_OBJC_MSGSEND = YES;
				GCC_C_LANGUAGE_STANDARD = gnu11;
				GCC_NO_COMMON_BLOCKS = YES;
				GCC_WARN_64_TO_32_BIT_CONVERSION = YES;
				GCC_WARN_ABOUT_RETURN_TYPE = YES_ERROR;
				GCC_WARN_UNDECLARED_SELECTOR = YES;
				GCC_WARN_UNINITIALIZED_AUTOS = YES_AGGRESSIVE;
				GCC_WARN_UNUSED_FUNCTION = YES;
				GCC_WARN_UNUSED_VARIABLE = YES;
				IPHONEOS_DEPLOYMENT_TARGET = 15.2;
				MTL_ENABLE_DEBUG_INFO = NO;
				MTL_FAST_MATH = YES;
				SDKROOT = iphoneos;
				SWIFT_COMPILATION_MODE = wholemodule;
				SWIFT_OPTIMIZATION_LEVEL = "-O";
				VALIDATE_PRODUCT = YES;
			};
			name = Release;
		};
		598FD1DC27CAB3DC00360BD2 /* Debug */ = {
			isa = XCBuildConfiguration;
			buildSettings = {
				ASSETCATALOG_COMPILER_APPICON_NAME = AppIcon;
				ASSETCATALOG_COMPILER_GLOBAL_ACCENT_COLOR_NAME = AccentColor;
				CODE_SIGN_STYLE = Automatic;
				CURRENT_PROJECT_VERSION = 1;
				DEVELOPMENT_TEAM = R443SZ9X2B;
				GENERATE_INFOPLIST_FILE = YES;
				INFOPLIST_FILE = Flashcards/Info.plist;
				INFOPLIST_KEY_UIApplicationSupportsIndirectInputEvents = YES;
				INFOPLIST_KEY_UILaunchStoryboardName = LaunchScreen;
				INFOPLIST_KEY_UIMainStoryboardFile = Main;
				INFOPLIST_KEY_UISupportedInterfaceOrientations_iPad = "UIInterfaceOrientationPortrait UIInterfaceOrientationPortraitUpsideDown UIInterfaceOrientationLandscapeLeft UIInterfaceOrientationLandscapeRight";
				INFOPLIST_KEY_UISupportedInterfaceOrientations_iPhone = "UIInterfaceOrientationPortrait UIInterfaceOrientationLandscapeLeft UIInterfaceOrientationLandscapeRight";
				LD_RUNPATH_SEARCH_PATHS = (
					"$(inherited)",
					"@executable_path/Frameworks",
				);
				MARKETING_VERSION = 1.0;
				PRODUCT_BUNDLE_IDENTIFIER = com.Bryan.Flashcards;
				PRODUCT_NAME = "$(TARGET_NAME)";
				SWIFT_EMIT_LOC_STRINGS = YES;
				SWIFT_VERSION = 5.0;
				TARGETED_DEVICE_FAMILY = "1,2";
			};
			name = Debug;
		};
		598FD1DD27CAB3DC00360BD2 /* Release */ = {
			isa = XCBuildConfiguration;
			buildSettings = {
				ASSETCATALOG_COMPILER_APPICON_NAME = AppIcon;
				ASSETCATALOG_COMPILER_GLOBAL_ACCENT_COLOR_NAME = AccentColor;
				CODE_SIGN_STYLE = Automatic;
				CURRENT_PROJECT_VERSION = 1;
				DEVELOPMENT_TEAM = R443SZ9X2B;
				GENERATE_INFOPLIST_FILE = YES;
				INFOPLIST_FILE = Flashcards/Info.plist;
				INFOPLIST_KEY_UIApplicationSupportsIndirectInputEvents = YES;
				INFOPLIST_KEY_UILaunchStoryboardName = LaunchScreen;
				INFOPLIST_KEY_UIMainStoryboardFile = Main;
				INFOPLIST_KEY_UISupportedInterfaceOrientations_iPad = "UIInterfaceOrientationPortrait UIInterfaceOrientationPortraitUpsideDown UIInterfaceOrientationLandscapeLeft UIInterfaceOrientationLandscapeRight";
				INFOPLIST_KEY_UISupportedInterfaceOrientations_iPhone = "UIInterfaceOrientationPortrait UIInterfaceOrientationLandscapeLeft UIInterfaceOrientationLandscapeRight";
				LD_RUNPATH_SEARCH_PATHS = (
					"$(inherited)",
					"@executable_path/Frameworks",
				);
				MARKETING_VERSION = 1.0;
				PRODUCT_BUNDLE_IDENTIFIER = com.Bryan.Flashcards;
				PRODUCT_NAME = "$(TARGET_NAME)";
				SWIFT_EMIT_LOC_STRINGS = YES;
				SWIFT_VERSION = 5.0;
				TARGETED_DEVICE_FAMILY = "1,2";
			};
			name = Release;
		};
		598FD1DF27CAB3DC00360BD2 /* Debug */ = {
			isa = XCBuildConfiguration;
			buildSettings = {
				ALWAYS_EMBED_SWIFT_STANDARD_LIBRARIES = YES;
				BUNDLE_LOADER = "$(TEST_HOST)";
				CODE_SIGN_STYLE = Automatic;
				CURRENT_PROJECT_VERSION = 1;
				DEVELOPMENT_TEAM = R443SZ9X2B;
				GENERATE_INFOPLIST_FILE = YES;
				IPHONEOS_DEPLOYMENT_TARGET = 15.2;
				MARKETING_VERSION = 1.0;
				PRODUCT_BUNDLE_IDENTIFIER = com.Bryan.FlashcardsTests;
				PRODUCT_NAME = "$(TARGET_NAME)";
				SWIFT_EMIT_LOC_STRINGS = NO;
				SWIFT_VERSION = 5.0;
				TARGETED_DEVICE_FAMILY = "1,2";
				TEST_HOST = "$(BUILT_PRODUCTS_DIR)/Flashcards.app/Flashcards";
			};
			name = Debug;
		};
		598FD1E027CAB3DC00360BD2 /* Release */ = {
			isa = XCBuildConfiguration;
			buildSettings = {
				ALWAYS_EMBED_SWIFT_STANDARD_LIBRARIES = YES;
				BUNDLE_LOADER = "$(TEST_HOST)";
				CODE_SIGN_STYLE = Automatic;
				CURRENT_PROJECT_VERSION = 1;
				DEVELOPMENT_TEAM = R443SZ9X2B;
				GENERATE_INFOPLIST_FILE = YES;
				IPHONEOS_DEPLOYMENT_TARGET = 15.2;
				MARKETING_VERSION = 1.0;
				PRODUCT_BUNDLE_IDENTIFIER = com.Bryan.FlashcardsTests;
				PRODUCT_NAME = "$(TARGET_NAME)";
				SWIFT_EMIT_LOC_STRINGS = NO;
				SWIFT_VERSION = 5.0;
				TARGETED_DEVICE_FAMILY = "1,2";
				TEST_HOST = "$(BUILT_PRODUCTS_DIR)/Flashcards.app/Flashcards";
			};
			name = Release;
		};
		598FD1E227CAB3DC00360BD2 /* Debug */ = {
			isa = XCBuildConfiguration;
			buildSettings = {
				ALWAYS_EMBED_SWIFT_STANDARD_LIBRARIES = YES;
				CODE_SIGN_STYLE = Automatic;
				CURRENT_PROJECT_VERSION = 1;
				DEVELOPMENT_TEAM = R443SZ9X2B;
				GENERATE_INFOPLIST_FILE = YES;
				MARKETING_VERSION = 1.0;
				PRODUCT_BUNDLE_IDENTIFIER = com.Bryan.FlashcardsUITests;
				PRODUCT_NAME = "$(TARGET_NAME)";
				SWIFT_EMIT_LOC_STRINGS = NO;
				SWIFT_VERSION = 5.0;
				TARGETED_DEVICE_FAMILY = "1,2";
				TEST_TARGET_NAME = Flashcards;
			};
			name = Debug;
		};
		598FD1E327CAB3DC00360BD2 /* Release */ = {
			isa = XCBuildConfiguration;
			buildSettings = {
				ALWAYS_EMBED_SWIFT_STANDARD_LIBRARIES = YES;
				CODE_SIGN_STYLE = Automatic;
				CURRENT_PROJECT_VERSION = 1;
				DEVELOPMENT_TEAM = R443SZ9X2B;
				GENERATE_INFOPLIST_FILE = YES;
				MARKETING_VERSION = 1.0;
				PRODUCT_BUNDLE_IDENTIFIER = com.Bryan.FlashcardsUITests;
				PRODUCT_NAME = "$(TARGET_NAME)";
				SWIFT_EMIT_LOC_STRINGS = NO;
				SWIFT_VERSION = 5.0;
				TARGETED_DEVICE_FAMILY = "1,2";
				TEST_TARGET_NAME = Flashcards;
			};
			name = Release;
		};
/* End XCBuildConfiguration section */

/* Begin XCConfigurationList section */
		598FD1AC27CAB3D500360BD2 /* Build configuration list for PBXProject "Flashcards" */ = {
			isa = XCConfigurationList;
			buildConfigurations = (
				598FD1D927CAB3DC00360BD2 /* Debug */,
				598FD1DA27CAB3DC00360BD2 /* Release */,
			);
			defaultConfigurationIsVisible = 0;
			defaultConfigurationName = Release;
		};
		598FD1DB27CAB3DC00360BD2 /* Build configuration list for PBXNativeTarget "Flashcards" */ = {
			isa = XCConfigurationList;
			buildConfigurations = (
				598FD1DC27CAB3DC00360BD2 /* Debug */,
				598FD1DD27CAB3DC00360BD2 /* Release */,
			);
			defaultConfigurationIsVisible = 0;
			defaultConfigurationName = Release;
		};
		598FD1DE27CAB3DC00360BD2 /* Build configuration list for PBXNativeTarget "FlashcardsTests" */ = {
			isa = XCConfigurationList;
			buildConfigurations = (
				598FD1DF27CAB3DC00360BD2 /* Debug */,
				598FD1E027CAB3DC00360BD2 /* Release */,
			);
			defaultConfigurationIsVisible = 0;
			defaultConfigurationName = Release;
		};
		598FD1E127CAB3DC00360BD2 /* Build configuration list for PBXNativeTarget "FlashcardsUITests" */ = {
			isa = XCConfigurationList;
			buildConfigurations = (
				598FD1E227CAB3DC00360BD2 /* Debug */,
				598FD1E327CAB3DC00360BD2 /* Release */,
			);
			defaultConfigurationIsVisible = 0;
			defaultConfigurationName = Release;
		};
/* End XCConfigurationList section */
	};
	rootObject = 598FD1A927CAB3D500360BD2 /* Project object */;
}
